
Microsoft Visual Studio Solution File, Format Version 12.00
# Visual Studio Version 16
VisualStudioVersion = 16.0.30406.217
MinimumVisualStudioVersion = 10.0.40219.1
Project("{FAE04EC0-301F-11D3-BF4B-00C04F79EFBC}") = "Kiwiland", "Kiwiland.csproj", "{054498CB-24DC-43AF-998C-D256FA96E276}"
EndProject
Global
	GlobalSection(SolutionConfigurationPlatforms) = preSolution
		Debug|Any CPU = Debug|Any CPU
		Release|Any CPU = Release|Any CPU
	EndGlobalSection
	GlobalSection(ProjectConfigurationPlatforms) = postSolution
		{054498CB-24DC-43AF-998C-D256FA96E276}.Debug|Any CPU.ActiveCfg = Debug|Any CPU
		{054498CB-24DC-43AF-998C-D256FA96E276}.Debug|Any CPU.Build.0 = Debug|Any CPU
		{054498CB-24DC-43AF-998C-D256FA96E276}.Release|Any CPU.ActiveCfg = Release|Any CPU
		{054498CB-24DC-43AF-998C-D256FA96E276}.Release|Any CPU.Build.0 = Release|Any CPU
	EndGlobalSection
	GlobalSection(SolutionProperties) = preSolution
		HideSolutionNode = FALSE
	EndGlobalSection
	GlobalSection(ExtensibilityGlobals) = postSolution
		SolutionGuid = {57E6940E-ADA0-4D83-B3AB-37770C203ED3}
	EndGlobalSection
EndGlobal
